// !$*UTF8*$!
{
	archiveVersion = 1;
	classes = {
	};
	objectVersion = 51;
	objects = {

/* Begin PBXBuildFile section */
		0A2B22FF0DA1A4FC15DE6A49 /* Pods_Horoscope.framework in Frameworks */ = {isa = PBXBuildFile; fileRef = 1F682903CFA2A28B72B4424F /* Pods_Horoscope.framework */; };
		2255304C24748452000E9633 /* AppDelegate.swift in Sources */ = {isa = PBXBuildFile; fileRef = 2255304B24748452000E9633 /* AppDelegate.swift */; };
		2255304E24748452000E9633 /* SceneDelegate.swift in Sources */ = {isa = PBXBuildFile; fileRef = 2255304D24748452000E9633 /* SceneDelegate.swift */; };
		2255305024748452000E9633 /* ViewController.swift in Sources */ = {isa = PBXBuildFile; fileRef = 2255304F24748452000E9633 /* ViewController.swift */; };
		2255305324748452000E9633 /* Main.storyboard in Resources */ = {isa = PBXBuildFile; fileRef = 2255305124748452000E9633 /* Main.storyboard */; };
		2255305524748454000E9633 /* Assets.xcassets in Resources */ = {isa = PBXBuildFile; fileRef = 2255305424748454000E9633 /* Assets.xcassets */; };
		2255305824748454000E9633 /* LaunchScreen.storyboard in Resources */ = {isa = PBXBuildFile; fileRef = 2255305624748454000E9633 /* LaunchScreen.storyboard */; };
		2255306024789517000E9633 /* ResultViewController.swift in Sources */ = {isa = PBXBuildFile; fileRef = 2255305F24789517000E9633 /* ResultViewController.swift */; };
/* End PBXBuildFile section */

/* Begin PBXFileReference section */
		1F682903CFA2A28B72B4424F /* Pods_Horoscope.framework */ = {isa = PBXFileReference; explicitFileType = wrapper.framework; includeInIndex = 0; path = Pods_Horoscope.framework; sourceTree = BUILT_PRODUCTS_DIR; };
		2255304824748452000E9633 /* Horoscope.app */ = {isa = PBXFileReference; explicitFileType = wrapper.application; includeInIndex = 0; path = Horoscope.app; sourceTree = BUILT_PRODUCTS_DIR; };
		2255304B24748452000E9633 /* AppDelegate.swift */ = {isa = PBXFileReference; lastKnownFileType = sourcecode.swift; path = AppDelegate.swift; sourceTree = "<group>"; };
		2255304D24748452000E9633 /* SceneDelegate.swift */ = {isa = PBXFileReference; lastKnownFileType = sourcecode.swift; path = SceneDelegate.swift; sourceTree = "<group>"; };
		2255304F24748452000E9633 /* ViewController.swift */ = {isa = PBXFileReference; lastKnownFileType = sourcecode.swift; path = ViewController.swift; sourceTree = "<group>"; };
		2255305224748452000E9633 /* Base */ = {isa = PBXFileReference; lastKnownFileType = file.storyboard; name = Base; path = Base.lproj/Main.storyboard; sourceTree = "<group>"; };
		2255305424748454000E9633 /* Assets.xcassets */ = {isa = PBXFileReference; lastKnownFileType = folder.assetcatalog; path = Assets.xcassets; sourceTree = "<group>"; };
		2255305724748454000E9633 /* Base */ = {isa = PBXFileReference; lastKnownFileType = file.storyboard; name = Base; path = Base.lproj/LaunchScreen.storyboard; sourceTree = "<group>"; };
		2255305924748454000E9633 /* Info.plist */ = {isa = PBXFileReference; lastKnownFileType = text.plist.xml; path = Info.plist; sourceTree = "<group>"; };
		2255305F24789517000E9633 /* ResultViewController.swift */ = {isa = PBXFileReference; lastKnownFileType = sourcecode.swift; path = ResultViewController.swift; sourceTree = "<group>"; };
		22BE7346247ED1B7001FA426 /* Alamofire.framework */ = {isa = PBXFileReference; explicitFileType = wrapper.framework; path = Alamofire.framework; sourceTree = BUILT_PRODUCTS_DIR; };
		22BE734A247ED1BC001FA426 /* SwiftyJSON.framework */ = {isa = PBXFileReference; explicitFileType = wrapper.framework; path = SwiftyJSON.framework; sourceTree = BUILT_PRODUCTS_DIR; };
		3F0BFACA60DB782EB325495A /* Pods-Horoscope.release.xcconfig */ = {isa = PBXFileReference; includeInIndex = 1; lastKnownFileType = text.xcconfig; name = "Pods-Horoscope.release.xcconfig"; path = "Target Support Files/Pods-Horoscope/Pods-Horoscope.release.xcconfig"; sourceTree = "<group>"; };
		92BAE7151209340866B9CA1A /* Pods-Horoscope.debug.xcconfig */ = {isa = PBXFileReference; includeInIndex = 1; lastKnownFileType = text.xcconfig; name = "Pods-Horoscope.debug.xcconfig"; path = "Target Support Files/Pods-Horoscope/Pods-Horoscope.debug.xcconfig"; sourceTree = "<group>"; };
/* End PBXFileReference section */

/* Begin PBXFrameworksBuildPhase section */
		2255304524748452000E9633 /* Frameworks */ = {
			isa = PBXFrameworksBuildPhase;
			buildActionMask = 2147483647;
			files = (
				0A2B22FF0DA1A4FC15DE6A49 /* Pods_Horoscope.framework in Frameworks */,
			);
			runOnlyForDeploymentPostprocessing = 0;
		};
/* End PBXFrameworksBuildPhase section */

/* Begin PBXGroup section */
		2255303F24748452000E9633 = {
			isa = PBXGroup;
			children = (
				2255304A24748452000E9633 /* Horoscope */,
				2255304924748452000E9633 /* Products */,
				9AE41D2ED84DCA734EA418D9 /* Pods */,
				2F11032BD73D083D2DA4BDC3 /* Frameworks */,
			);
			sourceTree = "<group>";
		};
		2255304924748452000E9633 /* Products */ = {
			isa = PBXGroup;
			children = (
				2255304824748452000E9633 /* Horoscope.app */,
			);
			name = Products;
			sourceTree = "<group>";
		};
		2255304A24748452000E9633 /* Horoscope */ = {
			isa = PBXGroup;
			children = (
				2255304B24748452000E9633 /* AppDelegate.swift */,
				2255304D24748452000E9633 /* SceneDelegate.swift */,
				2255304F24748452000E9633 /* ViewController.swift */,
				2255305124748452000E9633 /* Main.storyboard */,
				2255305F24789517000E9633 /* ResultViewController.swift */,
				2255305424748454000E9633 /* Assets.xcassets */,
				2255305624748454000E9633 /* LaunchScreen.storyboard */,
				2255305924748454000E9633 /* Info.plist */,
			);
			path = Horoscope;
			sourceTree = "<group>";
		};
		2F11032BD73D083D2DA4BDC3 /* Frameworks */ = {
			isa = PBXGroup;
			children = (
				22BE734A247ED1BC001FA426 /* SwiftyJSON.framework */,
				22BE7346247ED1B7001FA426 /* Alamofire.framework */,
				1F682903CFA2A28B72B4424F /* Pods_Horoscope.framework */,
			);
			name = Frameworks;
			sourceTree = "<group>";
		};
		9AE41D2ED84DCA734EA418D9 /* Pods */ = {
			isa = PBXGroup;
			children = (
				92BAE7151209340866B9CA1A /* Pods-Horoscope.debug.xcconfig */,
				3F0BFACA60DB782EB325495A /* Pods-Horoscope.release.xcconfig */,
			);
			path = Pods;
			sourceTree = "<group>";
		};
/* End PBXGroup section */

/* Begin PBXNativeTarget section */
		2255304724748452000E9633 /* Horoscope */ = {
			isa = PBXNativeTarget;
			buildConfigurationList = 2255305C24748454000E9633 /* Build configuration list for PBXNativeTarget "Horoscope" */;
			buildPhases = (
				FF278230E2A0C8790947B6FB /* [CP] Check Pods Manifest.lock */,
				2255304424748452000E9633 /* Sources */,
				2255304524748452000E9633 /* Frameworks */,
				2255304624748452000E9633 /* Resources */,
				1677FE0FA1818CFDD77DB41C /* [CP] Embed Pods Frameworks */,
			);
			buildRules = (
			);
			dependencies = (
			);
			name = Horoscope;
			productName = Horoscope;
			productReference = 2255304824748452000E9633 /* Horoscope.app */;
			productType = "com.apple.product-type.application";
		};
/* End PBXNativeTarget section */

/* Begin PBXProject section */
		2255304024748452000E9633 /* Project object */ = {
			isa = PBXProject;
			attributes = {
				LastSwiftUpdateCheck = 1140;
				LastUpgradeCheck = 1140;
				ORGANIZATIONNAME = "藤田優作";
				TargetAttributes = {
					2255304724748452000E9633 = {
						CreatedOnToolsVersion = 11.4.1;
					};
				};
			};
			buildConfigurationList = 2255304324748452000E9633 /* Build configuration list for PBXProject "Horoscope" */;
			compatibilityVersion = "Xcode 9.3";
			developmentRegion = en;
			hasScannedForEncodings = 0;
			knownRegions = (
				en,
				Base,
			);
			mainGroup = 2255303F24748452000E9633;
			productRefGroup = 2255304924748452000E9633 /* Products */;
			projectDirPath = "";
			projectRoot = "";
			targets = (
				2255304724748452000E9633 /* Horoscope */,
			);
		};
/* End PBXProject section */

/* Begin PBXResourcesBuildPhase section */
		2255304624748452000E9633 /* Resources */ = {
			isa = PBXResourcesBuildPhase;
			buildActionMask = 2147483647;
			files = (
				2255305824748454000E9633 /* LaunchScreen.storyboard in Resources */,
				2255305524748454000E9633 /* Assets.xcassets in Resources */,
				2255305324748452000E9633 /* Main.storyboard in Resources */,
			);
			runOnlyForDeploymentPostprocessing = 0;
		};
/* End PBXResourcesBuildPhase section */

/* Begin PBXShellScriptBuildPhase section */
		1677FE0FA1818CFDD77DB41C /* [CP] Embed Pods Frameworks */ = {
			isa = PBXShellScriptBuildPhase;
			buildActionMask = 2147483647;
			files = (
			);
			inputFileListPaths = (
				"${PODS_ROOT}/Target Support Files/Pods-Horoscope/Pods-Horoscope-frameworks-${CONFIGURATION}-input-files.xcfilelist",
			);
			name = "[CP] Embed Pods Frameworks";
			outputFileListPaths = (
				"${PODS_ROOT}/Target Support Files/Pods-Horoscope/Pods-Horoscope-frameworks-${CONFIGURATION}-output-files.xcfilelist",
			);
			runOnlyForDeploymentPostprocessing = 0;
			shellPath = /bin/sh;
			shellScript = "\"${PODS_ROOT}/Target Support Files/Pods-Horoscope/Pods-Horoscope-frameworks.sh\"\n";
			showEnvVarsInLog = 0;
		};
		FF278230E2A0C8790947B6FB /* [CP] Check Pods Manifest.lock */ = {
			isa = PBXShellScriptBuildPhase;
			buildActionMask = 2147483647;
			files = (
			);
			inputFileListPaths = (
			);
			inputPaths = (
				"${PODS_PODFILE_DIR_PATH}/Podfile.lock",
				"${PODS_ROOT}/Manifest.lock",
			);
			name = "[CP] Check Pods Manifest.lock";
			outputFileListPaths = (
			);
			outputPaths = (
				"$(DERIVED_FILE_DIR)/Pods-Horoscope-checkManifestLockResult.txt",
			);
			runOnlyForDeploymentPostprocessing = 0;
			shellPath = /bin/sh;
			shellScript = "diff \"${PODS_PODFILE_DIR_PATH}/Podfile.lock\" \"${PODS_ROOT}/Manifest.lock\" > /dev/null\nif [ $? != 0 ] ; then\n    # print error to STDERR\n    echo \"error: The sandbox is not in sync with the Podfile.lock. Run 'pod install' or update your CocoaPods installation.\" >&2\n    exit 1\nfi\n# This output is used by Xcode 'outputs' to avoid re-running this script phase.\necho \"SUCCESS\" > \"${SCRIPT_OUTPUT_FILE_0}\"\n";
			showEnvVarsInLog = 0;
		};
/* End PBXShellScriptBuildPhase section */

/* Begin PBXSourcesBuildPhase section */
		2255304424748452000E9633 /* Sources */ = {
			isa = PBXSourcesBuildPhase;
			buildActionMask = 2147483647;
			files = (
				2255305024748452000E9633 /* ViewController.swift in Sources */,
				2255304C24748452000E9633 /* AppDelegate.swift in Sources */,
				2255304E24748452000E9633 /* SceneDelegate.swift in Sources */,
				2255306024789517000E9633 /* ResultViewController.swift in Sources */,
			);
			runOnlyForDeploymentPostprocessing = 0;
		};
/* End PBXSourcesBuildPhase section */

/* Begin PBXVariantGroup section */
		2255305124748452000E9633 /* Main.storyboard */ = {
			isa = PBXVariantGroup;
			children = (
				2255305224748452000E9633 /* Base */,
			);
			name = Main.storyboard;
			sourceTree = "<group>";
		};
		2255305624748454000E9633 /* LaunchScreen.storyboard */ = {
			isa = PBXVariantGroup;
			children = (
				2255305724748454000E9633 /* Base */,
			);
			name = LaunchScreen.storyboard;
			sourceTree = "<group>";
		};
/* End PBXVariantGroup section */

/* Begin XCBuildConfiguration section */
		2255305A24748454000E9633 /* Debug */ = {
			isa = XCBuildConfiguration;
			buildSettings = {
				ALWAYS_SEARCH_USER_PATHS = NO;
				CLANG_ANALYZER_NONNULL = YES;
				CLANG_ANALYZER_NUMBER_OBJECT_CONVERSION = YES_AGGRESSIVE;
				CLANG_CXX_LANGUAGE_STANDARD = "gnu++14";
				CLANG_CXX_LIBRARY = "libc++";
				CLANG_ENABLE_MODULES = YES;
				CLANG_ENABLE_OBJC_ARC = YES;
				CLANG_ENABLE_OBJC_WEAK = YES;
				CLANG_WARN_BLOCK_CAPTURE_AUTORELEASING = YES;
				CLANG_WARN_BOOL_CONVERSION = YES;
				CLANG_WARN_COMMA = YES;
				CLANG_WARN_CONSTANT_CONVERSION = YES;
				CLANG_WARN_DEPRECATED_OBJC_IMPLEMENTATIONS = YES;
				CLANG_WARN_DIRECT_OBJC_ISA_USAGE = YES_ERROR;
				CLANG_WARN_DOCUMENTATION_COMMENTS = YES;
				CLANG_WARN_EMPTY_BODY = YES;
				CLANG_WARN_ENUM_CONVERSION = YES;
				CLANG_WARN_INFINITE_RECURSION = YES;
				CLANG_WARN_INT_CONVERSION = YES;
				CLANG_WARN_NON_LITERAL_NULL_CONVERSION = YES;
				CLANG_WARN_OBJC_IMPLICIT_RETAIN_SELF = YES;
				CLANG_WARN_OBJC_LITERAL_CONVERSION = YES;
				CLANG_WARN_OBJC_ROOT_CLASS = YES_ERROR;
				CLANG_WARN_RANGE_LOOP_ANALYSIS = YES;
				CLANG_WARN_STRICT_PROTOTYPES = YES;
				CLANG_WARN_SUSPICIOUS_MOVE = YES;
				CLANG_WARN_UNGUARDED_AVAILABILITY = YES_AGGRESSIVE;
				CLANG_WARN_UNREACHABLE_CODE = YES;
				CLANG_WARN__DUPLICATE_METHOD_MATCH = YES;
				COPY_PHASE_STRIP = NO;
				DEBUG_INFORMATION_FORMAT = dwarf;
				ENABLE_STRICT_OBJC_MSGSEND = YES;
				ENABLE_TESTABILITY = YES;
				GCC_C_LANGUAGE_STANDARD = gnu11;
				GCC_DYNAMIC_NO_PIC = NO;
				GCC_NO_COMMON_BLOCKS = YES;
				GCC_OPTIMIZATION_LEVEL = 0;
				GCC_PREPROCESSOR_DEFINITIONS = (
					"DEBUG=1",
					"$(inherited)",
				);
				GCC_WARN_64_TO_32_BIT_CONVERSION = YES;
				GCC_WARN_ABOUT_RETURN_TYPE = YES_ERROR;
				GCC_WARN_UNDECLARED_SELECTOR = YES;
				GCC_WARN_UNINITIALIZED_AUTOS = YES_AGGRESSIVE;
				GCC_WARN_UNUSED_FUNCTION = YES;
				GCC_WARN_UNUSED_VARIABLE = YES;
				IPHONEOS_DEPLOYMENT_TARGET = 13.4;
				MTL_ENABLE_DEBUG_INFO = INCLUDE_SOURCE;
				MTL_FAST_MATH = YES;
				ONLY_ACTIVE_ARCH = YES;
				SDKROOT = iphoneos;
				SWIFT_ACTIVE_COMPILATION_CONDITIONS = DEBUG;
				SWIFT_OPTIMIZATION_LEVEL = "-Onone";
			};
			name = Debug;
		};
		2255305B24748454000E9633 /* Release */ = {
			isa = XCBuildConfiguration;
			buildSettings = {
				ALWAYS_SEARCH_USER_PATHS = NO;
				CLANG_ANALYZER_NONNULL = YES;
				CLANG_ANALYZER_NUMBER_OBJECT_CONVERSION = YES_AGGRESSIVE;
				CLANG_CXX_LANGUAGE_STANDARD = "gnu++14";
				CLANG_CXX_LIBRARY = "libc++";
				CLANG_ENABLE_MODULES = YES;
				CLANG_ENABLE_OBJC_ARC = YES;
				CLANG_ENABLE_OBJC_WEAK = YES;
				CLANG_WARN_BLOCK_CAPTURE_AUTORELEASING = YES;
				CLANG_WARN_BOOL_CONVERSION = YES;
				CLANG_WARN_COMMA = YES;
				CLANG_WARN_CONSTANT_CONVERSION = YES;
				CLANG_WARN_DEPRECATED_OBJC_IMPLEMENTATIONS = YES;
				CLANG_WARN_DIRECT_OBJC_ISA_USAGE = YES_ERROR;
				CLANG_WARN_DOCUMENTATION_COMMENTS = YES;
				CLANG_WARN_EMPTY_BODY = YES;
				CLANG_WARN_ENUM_CONVERSION = YES;
				CLANG_WARN_INFINITE_RECURSION = YES;
				CLANG_WARN_INT_CONVERSION = YES;
				CLANG_WARN_NON_LITERAL_NULL_CONVERSION = YES;
				CLANG_WARN_OBJC_IMPLICIT_RETAIN_SELF = YES;
				CLANG_WARN_OBJC_LITERAL_CONVERSION = YES;
				CLANG_WARN_OBJC_ROOT_CLASS = YES_ERROR;
				CLANG_WARN_RANGE_LOOP_ANALYSIS = YES;
				CLANG_WARN_STRICT_PROTOTYPES = YES;
				CLANG_WARN_SUSPICIOUS_MOVE = YES;
				CLANG_WARN_UNGUARDED_AVAILABILITY = YES_AGGRESSIVE;
				CLANG_WARN_UNREACHABLE_CODE = YES;
				CLANG_WARN__DUPLICATE_METHOD_MATCH = YES;
				COPY_PHASE_STRIP = NO;
				DEBUG_INFORMATION_FORMAT = "dwarf-with-dsym";
				ENABLE_NS_ASSERTIONS = NO;
				ENABLE_STRICT_OBJC_MSGSEND = YES;
				GCC_C_LANGUAGE_STANDARD = gnu11;
				GCC_NO_COMMON_BLOCKS = YES;
				GCC_WARN_64_TO_32_BIT_CONVERSION = YES;
				GCC_WARN_ABOUT_RETURN_TYPE = YES_ERROR;
				GCC_WARN_UNDECLARED_SELECTOR = YES;
				GCC_WARN_UNINITIALIZED_AUTOS = YES_AGGRESSIVE;
				GCC_WARN_UNUSED_FUNCTION = YES;
				GCC_WARN_UNUSED_VARIABLE = YES;
				IPHONEOS_DEPLOYMENT_TARGET = 13.4;
				MTL_ENABLE_DEBUG_INFO = NO;
				MTL_FAST_MATH = YES;
				SDKROOT = iphoneos;
				SWIFT_COMPILATION_MODE = wholemodule;
				SWIFT_OPTIMIZATION_LEVEL = "-O";
				VALIDATE_PRODUCT = YES;
			};
			name = Release;
		};
		2255305D24748454000E9633 /* Debug */ = {
			isa = XCBuildConfiguration;
			baseConfigurationReference = 92BAE7151209340866B9CA1A /* Pods-Horoscope.debug.xcconfig */;
			buildSettings = {
				ASSETCATALOG_COMPILER_APPICON_NAME = AppIcon;
				CODE_SIGN_STYLE = Automatic;
				DEVELOPMENT_TEAM = 728MNT2Y45;
				INFOPLIST_FILE = Horoscope/Info.plist;
				LD_RUNPATH_SEARCH_PATHS = (
					"$(inherited)",
					"@executable_path/Frameworks",
				);
				PRODUCT_BUNDLE_IDENTIFIER = com.hanjirou.Horoscope;
				PRODUCT_NAME = "$(TARGET_NAME)";
				SWIFT_VERSION = 5.0;
				TARGETED_DEVICE_FAMILY = "1,2";
			};
			name = Debug;
		};
		2255305E24748454000E9633 /* Release */ = {
			isa = XCBuildConfiguration;
			baseConfigurationReference = 3F0BFACA60DB782EB325495A /* Pods-Horoscope.release.xcconfig */;
			buildSettings = {
				ASSETCATALOG_COMPILER_APPICON_NAME = AppIcon;
				CODE_SIGN_STYLE = Automatic;
				DEVELOPMENT_TEAM = 728MNT2Y45;
				INFOPLIST_FILE = Horoscope/Info.plist;
				LD_RUNPATH_SEARCH_PATHS = (
					"$(inherited)",
					"@executable_path/Frameworks",
				);
				PRODUCT_BUNDLE_IDENTIFIER = com.hanjirou.Horoscope;
				PRODUCT_NAME = "$(TARGET_NAME)";
				SWIFT_VERSION = 5.0;
				TARGETED_DEVICE_FAMILY = "1,2";
			};
			name = Release;
		};
/* End XCBuildConfiguration section */

/* Begin XCConfigurationList section */
		2255304324748452000E9633 /* Build configuration list for PBXProject "Horoscope" */ = {
			isa = XCConfigurationList;
			buildConfigurations = (
				2255305A24748454000E9633 /* Debug */,
				2255305B24748454000E9633 /* Release */,
			);
			defaultConfigurationIsVisible = 0;
			defaultConfigurationName = Release;
		};
		2255305C24748454000E9633 /* Build configuration list for PBXNativeTarget "Horoscope" */ = {
			isa = XCConfigurationList;
			buildConfigurations = (
				2255305D24748454000E9633 /* Debug */,
				2255305E24748454000E9633 /* Release */,
			);
			defaultConfigurationIsVisible = 0;
			defaultConfigurationName = Release;
		};
/* End XCConfigurationList section */
	};
	rootObject = 2255304024748452000E9633 /* Project object */;
}
